// !$*UTF8*$!
{
	archiveVersion = 1;
	classes = {
	};
	objectVersion = 50;
	objects = {

/* Begin PBXBuildFile section */
		4986D88D240D5B19008C7CB1 /* AppDelegate.swift in Sources */ = {isa = PBXBuildFile; fileRef = 4986D88C240D5B19008C7CB1 /* AppDelegate.swift */; };
		4986D88F240D5B19008C7CB1 /* ContentView.swift in Sources */ = {isa = PBXBuildFile; fileRef = 4986D88E240D5B19008C7CB1 /* ContentView.swift */; };
		4986D891240D5B1C008C7CB1 /* Assets.xcassets in Resources */ = {isa = PBXBuildFile; fileRef = 4986D890240D5B1C008C7CB1 /* Assets.xcassets */; };
		4986D894240D5B1C008C7CB1 /* Preview Assets.xcassets in Resources */ = {isa = PBXBuildFile; fileRef = 4986D893240D5B1C008C7CB1 /* Preview Assets.xcassets */; };
		4986D897240D5B1C008C7CB1 /* Main.storyboard in Resources */ = {isa = PBXBuildFile; fileRef = 4986D895240D5B1C008C7CB1 /* Main.storyboard */; };
		4986D8A3240D5B1C008C7CB1 /* blethermTests.swift in Sources */ = {isa = PBXBuildFile; fileRef = 4986D8A2240D5B1C008C7CB1 /* blethermTests.swift */; };
		4986D8AE240D5B1C008C7CB1 /* blethermUITests.swift in Sources */ = {isa = PBXBuildFile; fileRef = 4986D8AD240D5B1C008C7CB1 /* blethermUITests.swift */; };
/* End PBXBuildFile section */

/* Begin PBXContainerItemProxy section */
		4986D89F240D5B1C008C7CB1 /* PBXContainerItemProxy */ = {
			isa = PBXContainerItemProxy;
			containerPortal = 4986D881240D5B19008C7CB1 /* Project object */;
			proxyType = 1;
			remoteGlobalIDString = 4986D888240D5B19008C7CB1;
			remoteInfo = bletherm;
		};
		4986D8AA240D5B1C008C7CB1 /* PBXContainerItemProxy */ = {
			isa = PBXContainerItemProxy;
			containerPortal = 4986D881240D5B19008C7CB1 /* Project object */;
			proxyType = 1;
			remoteGlobalIDString = 4986D888240D5B19008C7CB1;
			remoteInfo = bletherm;
		};
/* End PBXContainerItemProxy section */

/* Begin PBXFileReference section */
		4986D889240D5B19008C7CB1 /* bletherm.app */ = {isa = PBXFileReference; explicitFileType = wrapper.application; includeInIndex = 0; path = bletherm.app; sourceTree = BUILT_PRODUCTS_DIR; };
		4986D88C240D5B19008C7CB1 /* AppDelegate.swift */ = {isa = PBXFileReference; lastKnownFileType = sourcecode.swift; path = AppDelegate.swift; sourceTree = "<group>"; };
		4986D88E240D5B19008C7CB1 /* ContentView.swift */ = {isa = PBXFileReference; lastKnownFileType = sourcecode.swift; path = ContentView.swift; sourceTree = "<group>"; };
		4986D890240D5B1C008C7CB1 /* Assets.xcassets */ = {isa = PBXFileReference; lastKnownFileType = folder.assetcatalog; path = Assets.xcassets; sourceTree = "<group>"; };
		4986D893240D5B1C008C7CB1 /* Preview Assets.xcassets */ = {isa = PBXFileReference; lastKnownFileType = folder.assetcatalog; path = "Preview Assets.xcassets"; sourceTree = "<group>"; };
		4986D896240D5B1C008C7CB1 /* Base */ = {isa = PBXFileReference; lastKnownFileType = file.storyboard; name = Base; path = Base.lproj/Main.storyboard; sourceTree = "<group>"; };
		4986D898240D5B1C008C7CB1 /* Info.plist */ = {isa = PBXFileReference; lastKnownFileType = text.plist.xml; path = Info.plist; sourceTree = "<group>"; };
		4986D899240D5B1C008C7CB1 /* bletherm.entitlements */ = {isa = PBXFileReference; lastKnownFileType = text.plist.entitlements; path = bletherm.entitlements; sourceTree = "<group>"; };
		4986D89E240D5B1C008C7CB1 /* blethermTests.xctest */ = {isa = PBXFileReference; explicitFileType = wrapper.cfbundle; includeInIndex = 0; path = blethermTests.xctest; sourceTree = BUILT_PRODUCTS_DIR; };
		4986D8A2240D5B1C008C7CB1 /* blethermTests.swift */ = {isa = PBXFileReference; lastKnownFileType = sourcecode.swift; path = blethermTests.swift; sourceTree = "<group>"; };
		4986D8A4240D5B1C008C7CB1 /* Info.plist */ = {isa = PBXFileReference; lastKnownFileType = text.plist.xml; path = Info.plist; sourceTree = "<group>"; };
		4986D8A9240D5B1C008C7CB1 /* blethermUITests.xctest */ = {isa = PBXFileReference; explicitFileType = wrapper.cfbundle; includeInIndex = 0; path = blethermUITests.xctest; sourceTree = BUILT_PRODUCTS_DIR; };
		4986D8AD240D5B1C008C7CB1 /* blethermUITests.swift */ = {isa = PBXFileReference; lastKnownFileType = sourcecode.swift; path = blethermUITests.swift; sourceTree = "<group>"; };
		4986D8AF240D5B1C008C7CB1 /* Info.plist */ = {isa = PBXFileReference; lastKnownFileType = text.plist.xml; path = Info.plist; sourceTree = "<group>"; };
/* End PBXFileReference section */

/* Begin PBXFrameworksBuildPhase section */
		4986D886240D5B19008C7CB1 /* Frameworks */ = {
			isa = PBXFrameworksBuildPhase;
			buildActionMask = 2147483647;
			files = (
			);
			runOnlyForDeploymentPostprocessing = 0;
		};
		4986D89B240D5B1C008C7CB1 /* Frameworks */ = {
			isa = PBXFrameworksBuildPhase;
			buildActionMask = 2147483647;
			files = (
			);
			runOnlyForDeploymentPostprocessing = 0;
		};
		4986D8A6240D5B1C008C7CB1 /* Frameworks */ = {
			isa = PBXFrameworksBuildPhase;
			buildActionMask = 2147483647;
			files = (
			);
			runOnlyForDeploymentPostprocessing = 0;
		};
/* End PBXFrameworksBuildPhase section */

/* Begin PBXGroup section */
		4986D880240D5B19008C7CB1 = {
			isa = PBXGroup;
			children = (
				4986D88B240D5B19008C7CB1 /* bletherm */,
				4986D8A1240D5B1C008C7CB1 /* blethermTests */,
				4986D8AC240D5B1C008C7CB1 /* blethermUITests */,
				4986D88A240D5B19008C7CB1 /* Products */,
			);
			sourceTree = "<group>";
		};
		4986D88A240D5B19008C7CB1 /* Products */ = {
			isa = PBXGroup;
			children = (
				4986D889240D5B19008C7CB1 /* bletherm.app */,
				4986D89E240D5B1C008C7CB1 /* blethermTests.xctest */,
				4986D8A9240D5B1C008C7CB1 /* blethermUITests.xctest */,
			);
			name = Products;
			sourceTree = "<group>";
		};
		4986D88B240D5B19008C7CB1 /* bletherm */ = {
			isa = PBXGroup;
			children = (
				4986D88C240D5B19008C7CB1 /* AppDelegate.swift */,
				4986D88E240D5B19008C7CB1 /* ContentView.swift */,
				4986D890240D5B1C008C7CB1 /* Assets.xcassets */,
				4986D895240D5B1C008C7CB1 /* Main.storyboard */,
				4986D898240D5B1C008C7CB1 /* Info.plist */,
				4986D899240D5B1C008C7CB1 /* bletherm.entitlements */,
				4986D892240D5B1C008C7CB1 /* Preview Content */,
			);
			path = bletherm;
			sourceTree = "<group>";
		};
		4986D892240D5B1C008C7CB1 /* Preview Content */ = {
			isa = PBXGroup;
			children = (
				4986D893240D5B1C008C7CB1 /* Preview Assets.xcassets */,
			);
			path = "Preview Content";
			sourceTree = "<group>";
		};
		4986D8A1240D5B1C008C7CB1 /* blethermTests */ = {
			isa = PBXGroup;
			children = (
				4986D8A2240D5B1C008C7CB1 /* blethermTests.swift */,
				4986D8A4240D5B1C008C7CB1 /* Info.plist */,
			);
			path = blethermTests;
			sourceTree = "<group>";
		};
		4986D8AC240D5B1C008C7CB1 /* blethermUITests */ = {
			isa = PBXGroup;
			children = (
				4986D8AD240D5B1C008C7CB1 /* blethermUITests.swift */,
				4986D8AF240D5B1C008C7CB1 /* Info.plist */,
			);
			path = blethermUITests;
			sourceTree = "<group>";
		};
/* End PBXGroup section */

/* Begin PBXNativeTarget section */
		4986D888240D5B19008C7CB1 /* bletherm */ = {
			isa = PBXNativeTarget;
			buildConfigurationList = 4986D8B2240D5B1C008C7CB1 /* Build configuration list for PBXNativeTarget "bletherm" */;
			buildPhases = (
				4986D885240D5B19008C7CB1 /* Sources */,
				4986D886240D5B19008C7CB1 /* Frameworks */,
				4986D887240D5B19008C7CB1 /* Resources */,
			);
			buildRules = (
			);
			dependencies = (
			);
			name = bletherm;
			productName = bletherm;
			productReference = 4986D889240D5B19008C7CB1 /* bletherm.app */;
			productType = "com.apple.product-type.application";
		};
		4986D89D240D5B1C008C7CB1 /* blethermTests */ = {
			isa = PBXNativeTarget;
			buildConfigurationList = 4986D8B5240D5B1C008C7CB1 /* Build configuration list for PBXNativeTarget "blethermTests" */;
			buildPhases = (
				4986D89A240D5B1C008C7CB1 /* Sources */,
				4986D89B240D5B1C008C7CB1 /* Frameworks */,
				4986D89C240D5B1C008C7CB1 /* Resources */,
			);
			buildRules = (
			);
			dependencies = (
				4986D8A0240D5B1C008C7CB1 /* PBXTargetDependency */,
			);
			name = blethermTests;
			productName = blethermTests;
			productReference = 4986D89E240D5B1C008C7CB1 /* blethermTests.xctest */;
			productType = "com.apple.product-type.bundle.unit-test";
		};
		4986D8A8240D5B1C008C7CB1 /* blethermUITests */ = {
			isa = PBXNativeTarget;
			buildConfigurationList = 4986D8B8240D5B1C008C7CB1 /* Build configuration list for PBXNativeTarget "blethermUITests" */;
			buildPhases = (
				4986D8A5240D5B1C008C7CB1 /* Sources */,
				4986D8A6240D5B1C008C7CB1 /* Frameworks */,
				4986D8A7240D5B1C008C7CB1 /* Resources */,
			);
			buildRules = (
			);
			dependencies = (
				4986D8AB240D5B1C008C7CB1 /* PBXTargetDependency */,
			);
			name = blethermUITests;
			productName = blethermUITests;
			productReference = 4986D8A9240D5B1C008C7CB1 /* blethermUITests.xctest */;
			productType = "com.apple.product-type.bundle.ui-testing";
		};
/* End PBXNativeTarget section */

/* Begin PBXProject section */
		4986D881240D5B19008C7CB1 /* Project object */ = {
			isa = PBXProject;
			attributes = {
				LastSwiftUpdateCheck = 1130;
				LastUpgradeCheck = 1130;
				ORGANIZATIONNAME = "Bas Peters";
				TargetAttributes = {
					4986D888240D5B19008C7CB1 = {
						CreatedOnToolsVersion = 11.3.1;
					};
					4986D89D240D5B1C008C7CB1 = {
						CreatedOnToolsVersion = 11.3.1;
						TestTargetID = 4986D888240D5B19008C7CB1;
					};
					4986D8A8240D5B1C008C7CB1 = {
						CreatedOnToolsVersion = 11.3.1;
						TestTargetID = 4986D888240D5B19008C7CB1;
					};
				};
			};
			buildConfigurationList = 4986D884240D5B19008C7CB1 /* Build configuration list for PBXProject "bletherm" */;
			compatibilityVersion = "Xcode 9.3";
			developmentRegion = en;
			hasScannedForEncodings = 0;
			knownRegions = (
				en,
				Base,
			);
			mainGroup = 4986D880240D5B19008C7CB1;
			productRefGroup = 4986D88A240D5B19008C7CB1 /* Products */;
			projectDirPath = "";
			projectRoot = "";
			targets = (
				4986D888240D5B19008C7CB1 /* bletherm */,
				4986D89D240D5B1C008C7CB1 /* blethermTests */,
				4986D8A8240D5B1C008C7CB1 /* blethermUITests */,
			);
		};
/* End PBXProject section */

/* Begin PBXResourcesBuildPhase section */
		4986D887240D5B19008C7CB1 /* Resources */ = {
			isa = PBXResourcesBuildPhase;
			buildActionMask = 2147483647;
			files = (
				4986D897240D5B1C008C7CB1 /* Main.storyboard in Resources */,
				4986D894240D5B1C008C7CB1 /* Preview Assets.xcassets in Resources */,
				4986D891240D5B1C008C7CB1 /* Assets.xcassets in Resources */,
			);
			runOnlyForDeploymentPostprocessing = 0;
		};
		4986D89C240D5B1C008C7CB1 /* Resources */ = {
			isa = PBXResourcesBuildPhase;
			buildActionMask = 2147483647;
			files = (
			);
			runOnlyForDeploymentPostprocessing = 0;
		};
		4986D8A7240D5B1C008C7CB1 /* Resources */ = {
			isa = PBXResourcesBuildPhase;
			buildActionMask = 2147483647;
			files = (
			);
			runOnlyForDeploymentPostprocessing = 0;
		};
/* End PBXResourcesBuildPhase section */

/* Begin PBXSourcesBuildPhase section */
		4986D885240D5B19008C7CB1 /* Sources */ = {
			isa = PBXSourcesBuildPhase;
			buildActionMask = 2147483647;
			files = (
				4986D88F240D5B19008C7CB1 /* ContentView.swift in Sources */,
				4986D88D240D5B19008C7CB1 /* AppDelegate.swift in Sources */,
			);
			runOnlyForDeploymentPostprocessing = 0;
		};
		4986D89A240D5B1C008C7CB1 /* Sources */ = {
			isa = PBXSourcesBuildPhase;
			buildActionMask = 2147483647;
			files = (
				4986D8A3240D5B1C008C7CB1 /* blethermTests.swift in Sources */,
			);
			runOnlyForDeploymentPostprocessing = 0;
		};
		4986D8A5240D5B1C008C7CB1 /* Sources */ = {
			isa = PBXSourcesBuildPhase;
			buildActionMask = 2147483647;
			files = (
				4986D8AE240D5B1C008C7CB1 /* blethermUITests.swift in Sources */,
			);
			runOnlyForDeploymentPostprocessing = 0;
		};
/* End PBXSourcesBuildPhase section */

/* Begin PBXTargetDependency section */
		4986D8A0240D5B1C008C7CB1 /* PBXTargetDependency */ = {
			isa = PBXTargetDependency;
			target = 4986D888240D5B19008C7CB1 /* bletherm */;
			targetProxy = 4986D89F240D5B1C008C7CB1 /* PBXContainerItemProxy */;
		};
		4986D8AB240D5B1C008C7CB1 /* PBXTargetDependency */ = {
			isa = PBXTargetDependency;
			target = 4986D888240D5B19008C7CB1 /* bletherm */;
			targetProxy = 4986D8AA240D5B1C008C7CB1 /* PBXContainerItemProxy */;
		};
/* End PBXTargetDependency section */

/* Begin PBXVariantGroup section */
		4986D895240D5B1C008C7CB1 /* Main.storyboard */ = {
			isa = PBXVariantGroup;
			children = (
				4986D896240D5B1C008C7CB1 /* Base */,
			);
			name = Main.storyboard;
			sourceTree = "<group>";
		};
/* End PBXVariantGroup section */

/* Begin XCBuildConfiguration section */
		4986D8B0240D5B1C008C7CB1 /* Debug */ = {
			isa = XCBuildConfiguration;
			buildSettings = {
				ALWAYS_SEARCH_USER_PATHS = NO;
				CLANG_ANALYZER_NONNULL = YES;
				CLANG_ANALYZER_NUMBER_OBJECT_CONVERSION = YES_AGGRESSIVE;
				CLANG_CXX_LANGUAGE_STANDARD = "gnu++14";
				CLANG_CXX_LIBRARY = "libc++";
				CLANG_ENABLE_MODULES = YES;
				CLANG_ENABLE_OBJC_ARC = YES;
				CLANG_ENABLE_OBJC_WEAK = YES;
				CLANG_WARN_BLOCK_CAPTURE_AUTORELEASING = YES;
				CLANG_WARN_BOOL_CONVERSION = YES;
				CLANG_WARN_COMMA = YES;
				CLANG_WARN_CONSTANT_CONVERSION = YES;
				CLANG_WARN_DEPRECATED_OBJC_IMPLEMENTATIONS = YES;
				CLANG_WARN_DIRECT_OBJC_ISA_USAGE = YES_ERROR;
				CLANG_WARN_DOCUMENTATION_COMMENTS = YES;
				CLANG_WARN_EMPTY_BODY = YES;
				CLANG_WARN_ENUM_CONVERSION = YES;
				CLANG_WARN_INFINITE_RECURSION = YES;
				CLANG_WARN_INT_CONVERSION = YES;
				CLANG_WARN_NON_LITERAL_NULL_CONVERSION = YES;
				CLANG_WARN_OBJC_IMPLICIT_RETAIN_SELF = YES;
				CLANG_WARN_OBJC_LITERAL_CONVERSION = YES;
				CLANG_WARN_OBJC_ROOT_CLASS = YES_ERROR;
				CLANG_WARN_RANGE_LOOP_ANALYSIS = YES;
				CLANG_WARN_STRICT_PROTOTYPES = YES;
				CLANG_WARN_SUSPICIOUS_MOVE = YES;
				CLANG_WARN_UNGUARDED_AVAILABILITY = YES_AGGRESSIVE;
				CLANG_WARN_UNREACHABLE_CODE = YES;
				CLANG_WARN__DUPLICATE_METHOD_MATCH = YES;
				COPY_PHASE_STRIP = NO;
				DEBUG_INFORMATION_FORMAT = dwarf;
				ENABLE_STRICT_OBJC_MSGSEND = YES;
				ENABLE_TESTABILITY = YES;
				GCC_C_LANGUAGE_STANDARD = gnu11;
				GCC_DYNAMIC_NO_PIC = NO;
				GCC_NO_COMMON_BLOCKS = YES;
				GCC_OPTIMIZATION_LEVEL = 0;
				GCC_PREPROCESSOR_DEFINITIONS = (
					"DEBUG=1",
					"$(inherited)",
				);
				GCC_WARN_64_TO_32_BIT_CONVERSION = YES;
				GCC_WARN_ABOUT_RETURN_TYPE = YES_ERROR;
				GCC_WARN_UNDECLARED_SELECTOR = YES;
				GCC_WARN_UNINITIALIZED_AUTOS = YES_AGGRESSIVE;
				GCC_WARN_UNUSED_FUNCTION = YES;
				GCC_WARN_UNUSED_VARIABLE = YES;
				MACOSX_DEPLOYMENT_TARGET = 10.15;
				MTL_ENABLE_DEBUG_INFO = INCLUDE_SOURCE;
				MTL_FAST_MATH = YES;
				ONLY_ACTIVE_ARCH = YES;
				SDKROOT = macosx;
				SWIFT_ACTIVE_COMPILATION_CONDITIONS = DEBUG;
				SWIFT_OPTIMIZATION_LEVEL = "-Onone";
			};
			name = Debug;
		};
		4986D8B1240D5B1C008C7CB1 /* Release */ = {
			isa = XCBuildConfiguration;
			buildSettings = {
				ALWAYS_SEARCH_USER_PATHS = NO;
				CLANG_ANALYZER_NONNULL = YES;
				CLANG_ANALYZER_NUMBER_OBJECT_CONVERSION = YES_AGGRESSIVE;
				CLANG_CXX_LANGUAGE_STANDARD = "gnu++14";
				CLANG_CXX_LIBRARY = "libc++";
				CLANG_ENABLE_MODULES = YES;
				CLANG_ENABLE_OBJC_ARC = YES;
				CLANG_ENABLE_OBJC_WEAK = YES;
				CLANG_WARN_BLOCK_CAPTURE_AUTORELEASING = YES;
				CLANG_WARN_BOOL_CONVERSION = YES;
				CLANG_WARN_COMMA = YES;
				CLANG_WARN_CONSTANT_CONVERSION = YES;
				CLANG_WARN_DEPRECATED_OBJC_IMPLEMENTATIONS = YES;
				CLANG_WARN_DIRECT_OBJC_ISA_USAGE = YES_ERROR;
				CLANG_WARN_DOCUMENTATION_COMMENTS = YES;
				CLANG_WARN_EMPTY_BODY = YES;
				CLANG_WARN_ENUM_CONVERSION = YES;
				CLANG_WARN_INFINITE_RECURSION = YES;
				CLANG_WARN_INT_CONVERSION = YES;
				CLANG_WARN_NON_LITERAL_NULL_CONVERSION = YES;
				CLANG_WARN_OBJC_IMPLICIT_RETAIN_SELF = YES;
				CLANG_WARN_OBJC_LITERAL_CONVERSION = YES;
				CLANG_WARN_OBJC_ROOT_CLASS = YES_ERROR;
				CLANG_WARN_RANGE_LOOP_ANALYSIS = YES;
				CLANG_WARN_STRICT_PROTOTYPES = YES;
				CLANG_WARN_SUSPICIOUS_MOVE = YES;
				CLANG_WARN_UNGUARDED_AVAILABILITY = YES_AGGRESSIVE;
				CLANG_WARN_UNREACHABLE_CODE = YES;
				CLANG_WARN__DUPLICATE_METHOD_MATCH = YES;
				COPY_PHASE_STRIP = NO;
				DEBUG_INFORMATION_FORMAT = "dwarf-with-dsym";
				ENABLE_NS_ASSERTIONS = NO;
				ENABLE_STRICT_OBJC_MSGSEND = YES;
				GCC_C_LANGUAGE_STANDARD = gnu11;
				GCC_NO_COMMON_BLOCKS = YES;
				GCC_WARN_64_TO_32_BIT_CONVERSION = YES;
				GCC_WARN_ABOUT_RETURN_TYPE = YES_ERROR;
				GCC_WARN_UNDECLARED_SELECTOR = YES;
				GCC_WARN_UNINITIALIZED_AUTOS = YES_AGGRESSIVE;
				GCC_WARN_UNUSED_FUNCTION = YES;
				GCC_WARN_UNUSED_VARIABLE = YES;
				MACOSX_DEPLOYMENT_TARGET = 10.15;
				MTL_ENABLE_DEBUG_INFO = NO;
				MTL_FAST_MATH = YES;
				SDKROOT = macosx;
				SWIFT_COMPILATION_MODE = wholemodule;
				SWIFT_OPTIMIZATION_LEVEL = "-O";
			};
			name = Release;
		};
		4986D8B3240D5B1C008C7CB1 /* Debug */ = {
			isa = XCBuildConfiguration;
			buildSettings = {
				ASSETCATALOG_COMPILER_APPICON_NAME = AppIcon;
				CODE_SIGN_ENTITLEMENTS = bletherm/bletherm.entitlements;
				CODE_SIGN_STYLE = Automatic;
				COMBINE_HIDPI_IMAGES = YES;
				DEVELOPMENT_ASSET_PATHS = "\"bletherm/Preview Content\"";
				DEVELOPMENT_TEAM = A645YFFV95;
				ENABLE_HARDENED_RUNTIME = YES;
				ENABLE_PREVIEWS = YES;
				INFOPLIST_FILE = bletherm/Info.plist;
				LD_RUNPATH_SEARCH_PATHS = (
					"$(inherited)",
					"@executable_path/../Frameworks",
				);
				MACOSX_DEPLOYMENT_TARGET = 10.15;
				PRODUCT_BUNDLE_IDENTIFIER = com.computabilis.bletherm;
				PRODUCT_NAME = "$(TARGET_NAME)";
				SWIFT_VERSION = 5.0;
			};
			name = Debug;
		};
		4986D8B4240D5B1C008C7CB1 /* Release */ = {
			isa = XCBuildConfiguration;
			buildSettings = {
				ASSETCATALOG_COMPILER_APPICON_NAME = AppIcon;
				CODE_SIGN_ENTITLEMENTS = bletherm/bletherm.entitlements;
				CODE_SIGN_STYLE = Automatic;
				COMBINE_HIDPI_IMAGES = YES;
				DEVELOPMENT_ASSET_PATHS = "\"bletherm/Preview Content\"";
				DEVELOPMENT_TEAM = A645YFFV95;
				ENABLE_HARDENED_RUNTIME = YES;
				ENABLE_PREVIEWS = YES;
				INFOPLIST_FILE = bletherm/Info.plist;
				LD_RUNPATH_SEARCH_PATHS = (
					"$(inherited)",
					"@executable_path/../Frameworks",
				);
				MACOSX_DEPLOYMENT_TARGET = 10.15;
				PRODUCT_BUNDLE_IDENTIFIER = com.computabilis.bletherm;
				PRODUCT_NAME = "$(TARGET_NAME)";
				SWIFT_VERSION = 5.0;
			};
			name = Release;
		};
		4986D8B6240D5B1C008C7CB1 /* Debug */ = {
			isa = XCBuildConfiguration;
			buildSettings = {
				ALWAYS_EMBED_SWIFT_STANDARD_LIBRARIES = YES;
				BUNDLE_LOADER = "$(TEST_HOST)";
				CODE_SIGN_STYLE = Automatic;
				COMBINE_HIDPI_IMAGES = YES;
				DEVELOPMENT_TEAM = A645YFFV95;
				INFOPLIST_FILE = blethermTests/Info.plist;
				LD_RUNPATH_SEARCH_PATHS = (
					"$(inherited)",
					"@executable_path/../Frameworks",
					"@loader_path/../Frameworks",
				);
				MACOSX_DEPLOYMENT_TARGET = 10.15;
				PRODUCT_BUNDLE_IDENTIFIER = com.computabilis.blethermTests;
				PRODUCT_NAME = "$(TARGET_NAME)";
				SWIFT_VERSION = 5.0;
				TEST_HOST = "$(BUILT_PRODUCTS_DIR)/bletherm.app/Contents/MacOS/bletherm";
			};
			name = Debug;
		};
		4986D8B7240D5B1C008C7CB1 /* Release */ = {
			isa = XCBuildConfiguration;
			buildSettings = {
				ALWAYS_EMBED_SWIFT_STANDARD_LIBRARIES = YES;
				BUNDLE_LOADER = "$(TEST_HOST)";
				CODE_SIGN_STYLE = Automatic;
				COMBINE_HIDPI_IMAGES = YES;
				DEVELOPMENT_TEAM = A645YFFV95;
				INFOPLIST_FILE = blethermTests/Info.plist;
				LD_RUNPATH_SEARCH_PATHS = (
					"$(inherited)",
					"@executable_path/../Frameworks",
					"@loader_path/../Frameworks",
				);
				MACOSX_DEPLOYMENT_TARGET = 10.15;
				PRODUCT_BUNDLE_IDENTIFIER = com.computabilis.blethermTests;
				PRODUCT_NAME = "$(TARGET_NAME)";
				SWIFT_VERSION = 5.0;
				TEST_HOST = "$(BUILT_PRODUCTS_DIR)/bletherm.app/Contents/MacOS/bletherm";
			};
			name = Release;
		};
		4986D8B9240D5B1C008C7CB1 /* Debug */ = {
			isa = XCBuildConfiguration;
			buildSettings = {
				ALWAYS_EMBED_SWIFT_STANDARD_LIBRARIES = YES;
				CODE_SIGN_STYLE = Automatic;
				COMBINE_HIDPI_IMAGES = YES;
				DEVELOPMENT_TEAM = A645YFFV95;
				INFOPLIST_FILE = blethermUITests/Info.plist;
				LD_RUNPATH_SEARCH_PATHS = (
					"$(inherited)",
					"@executable_path/../Frameworks",
					"@loader_path/../Frameworks",
				);
				PRODUCT_BUNDLE_IDENTIFIER = com.computabilis.blethermUITests;
				PRODUCT_NAME = "$(TARGET_NAME)";
				SWIFT_VERSION = 5.0;
				TEST_TARGET_NAME = bletherm;
			};
			name = Debug;
		};
		4986D8BA240D5B1C008C7CB1 /* Release */ = {
			isa = XCBuildConfiguration;
			buildSettings = {
				ALWAYS_EMBED_SWIFT_STANDARD_LIBRARIES = YES;
				CODE_SIGN_STYLE = Automatic;
				COMBINE_HIDPI_IMAGES = YES;
				DEVELOPMENT_TEAM = A645YFFV95;
				INFOPLIST_FILE = blethermUITests/Info.plist;
				LD_RUNPATH_SEARCH_PATHS = (
					"$(inherited)",
					"@executable_path/../Frameworks",
					"@loader_path/../Frameworks",
				);
				PRODUCT_BUNDLE_IDENTIFIER = com.computabilis.blethermUITests;
				PRODUCT_NAME = "$(TARGET_NAME)";
				SWIFT_VERSION = 5.0;
				TEST_TARGET_NAME = bletherm;
			};
			name = Release;
		};
/* End XCBuildConfiguration section */

/* Begin XCConfigurationList section */
		4986D884240D5B19008C7CB1 /* Build configuration list for PBXProject "bletherm" */ = {
			isa = XCConfigurationList;
			buildConfigurations = (
				4986D8B0240D5B1C008C7CB1 /* Debug */,
				4986D8B1240D5B1C008C7CB1 /* Release */,
			);
			defaultConfigurationIsVisible = 0;
			defaultConfigurationName = Release;
		};
		4986D8B2240D5B1C008C7CB1 /* Build configuration list for PBXNativeTarget "bletherm" */ = {
			isa = XCConfigurationList;
			buildConfigurations = (
				4986D8B3240D5B1C008C7CB1 /* Debug */,
				4986D8B4240D5B1C008C7CB1 /* Release */,
			);
			defaultConfigurationIsVisible = 0;
			defaultConfigurationName = Release;
		};
		4986D8B5240D5B1C008C7CB1 /* Build configuration list for PBXNativeTarget "blethermTests" */ = {
			isa = XCConfigurationList;
			buildConfigurations = (
				4986D8B6240D5B1C008C7CB1 /* Debug */,
				4986D8B7240D5B1C008C7CB1 /* Release */,
			);
			defaultConfigurationIsVisible = 0;
			defaultConfigurationName = Release;
		};
		4986D8B8240D5B1C008C7CB1 /* Build configuration list for PBXNativeTarget "blethermUITests" */ = {
			isa = XCConfigurationList;
			buildConfigurations = (
				4986D8B9240D5B1C008C7CB1 /* Debug */,
				4986D8BA240D5B1C008C7CB1 /* Release */,
			);
			defaultConfigurationIsVisible = 0;
			defaultConfigurationName = Release;
		};
/* End XCConfigurationList section */
	};
	rootObject = 4986D881240D5B19008C7CB1 /* Project object */;
}
